
Microsoft Visual Studio Solution File, Format Version 12.00
# Visual Studio Version 17
VisualStudioVersion = 17.10.34707.107
MinimumVisualStudioVersion = 10.0.40219.1
Project("{8BC9CEB8-8B4A-11D0-8D11-00A0C91BC942}") = "desafio-dio-cpp-II", "desafio-dio-cpp-II\desafio-dio-cpp-II.vcxproj", "{325F9E4A-68C6-4CA6-9A18-0D192848107E}"
EndProject
Global
	GlobalSection(SolutionConfigurationPlatforms) = preSolution
		Debug|x64 = Debug|x64
		Debug|x86 = Debug|x86
		Release|x64 = Release|x64
		Release|x86 = Release|x86
	EndGlobalSection
	GlobalSection(ProjectConfigurationPlatforms) = postSolution
		{325F9E4A-68C6-4CA6-9A18-0D192848107E}.Debug|x64.ActiveCfg = Debug|x64
		{325F9E4A-68C6-4CA6-9A18-0D192848107E}.Debug|x64.Build.0 = Debug|x64
		{325F9E4A-68C6-4CA6-9A18-0D192848107E}.Debug|x86.ActiveCfg = Debug|Win32
		{325F9E4A-68C6-4CA6-9A18-0D192848107E}.Debug|x86.Build.0 = Debug|Win32
		{325F9E4A-68C6-4CA6-9A18-0D192848107E}.Release|x64.ActiveCfg = Release|x64
		{325F9E4A-68C6-4CA6-9A18-0D192848107E}.Release|x64.Build.0 = Release|x64
		{325F9E4A-68C6-4CA6-9A18-0D192848107E}.Release|x86.ActiveCfg = Release|Win32
		{325F9E4A-68C6-4CA6-9A18-0D192848107E}.Release|x86.Build.0 = Release|Win32
	EndGlobalSection
	GlobalSection(SolutionProperties) = preSolution
		HideSolutionNode = FALSE
	EndGlobalSection
	GlobalSection(ExtensibilityGlobals) = postSolution
		SolutionGuid = {15E6AE67-D8C3-4C80-BBEF-AED5408EAA43}
	EndGlobalSection
EndGlobal
